{
  "nodes": {
    "flake-parts": {
      "inputs": {
        "nixpkgs-lib": "nixpkgs-lib"
      },
      "locked": {
        "lastModified": 1733269028,
        "narHash": "sha256-kVq/jAKKtbvWwbL9wf0SKDxtxsC5Gb+nlIYEFnyXhGA=",
        "owner": "hercules-ci",
        "repo": "flake-parts",
        "rev": "e37654df08605b510ad84eceaafcc7248495e843",
        "type": "github"
      },
      "original": {
        "owner": "hercules-ci",
        "repo": "flake-parts",
        "type": "github"
      }
    },
    "nixpkgs": {
      "locked": {
        "lastModified": 1733097829,
        "narHash": "sha256-9hbb1rqGelllb4kVUCZ307G2k3/UhmA8PPGBoyuWaSw=",
        "owner": "NixOS",
        "repo": "nixpkgs",
        "rev": "2c15aa59df0017ca140d9ba302412298ab4bf22a",
        "type": "github"
      },
      "original": {
        "owner": "NixOS",
        "ref": "nixpkgs-unstable",
        "repo": "nixpkgs",
        "type": "github"
      }
    },
    "nixpkgs-lib": {
      "locked": {
        "lastModified": 1733096140,
        "narHash": "sha256-1qRH7uAUsyQI7R1Uwl4T+XvdNv778H0Nb5njNrqvylY=",
        "type": "tarball",
        "url": "https://github.com/NixOS/nixpkgs/archive/5487e69da40cbd611ab2cadee0b4637225f7cfae.tar.gz"
      },
      "original": {
        "type": "tarball",
        "url": "https://github.com/NixOS/nixpkgs/archive/5487e69da40cbd611ab2cadee0b4637225f7cfae.tar.gz"
      }
    },
    "root": {
      "inputs": {
        "flake-parts": "flake-parts",
        "nixpkgs": "nixpkgs",
        "systems": "systems"
      }
    },
    "systems": {
      "locked": {
        "lastModified": 1681028828,
        "narHash": "sha256-Vy1rq5AaRuLzOxct8nz4T6wlgyUR7zLU309k9mBC768=",
        "owner": "nix-systems",
        "repo": "default",
        "rev": "da67096a3b9bf56a91d16901293e51ba5b49a27e",
        "type": "github"
      },
      "original": {
        "owner": "nix-systems",
        "repo": "default",
        "type": "github"
      }
    }
  },
  "root": "root",
  "version": 7
}
